<?xml version="1.0" encoding="utf-8"?>
<Project ToolsVersion="4.0" xmlns="http://schemas.microsoft.com/developer/msbuild/2003">
  <ItemGroup>
    <Filter Include="GLCore">
      <UniqueIdentifier>{613403B3-4DD6-2D89-3691-41DD22D2B4D9}</UniqueIdentifier>
    </Filter>
    <Filter Include="GLCore\Events">
      <UniqueIdentifier>{25094881-91C9-C3B7-5A04-0D35C6830894}</UniqueIdentifier>
    </Filter>
  </ItemGroup>
  <ItemGroup>
    <ClInclude Include="src\Alpha.h" />
    <ClInclude Include="src\GLCore\Application.h">
      <Filter>GLCore</Filter>
    </ClInclude>
    <ClInclude Include="src\GLCore\Core.h">
      <Filter>GLCore</Filter>
    </ClInclude>
    <ClInclude Include="src\GLCore\EntryPoint.h">
      <Filter>GLCore</Filter>
    </ClInclude>
    <ClInclude Include="src\GLCore\Events\ApplicationEvent.h">
      <Filter>GLCore\Events</Filter>
    </ClInclude>
    <ClInclude Include="src\GLCore\Events\Event.h">
      <Filter>GLCore\Events</Filter>
    </ClInclude>
    <ClInclude Include="src\GLCore\Events\KeyEvent.h">
      <Filter>GLCore\Events</Filter>
    </ClInclude>
    <ClInclude Include="src\GLCore\Events\MouseEvent.h">
      <Filter>GLCore\Events</Filter>
    </ClInclude>
    <ClInclude Include="src\GLCore\Log.h">
      <Filter>GLCore</Filter>
    </ClInclude>
  </ItemGroup>
  <ItemGroup>
    <ClCompile Include="src\GLCore\Application.cpp">
      <Filter>GLCore</Filter>
    </ClCompile>
    <ClCompile Include="src\GLCore\Log.cpp">
      <Filter>GLCore</Filter>
    </ClCompile>
  </ItemGroup>
</Project>