<?xml version="1.0" encoding="utf-8"?>
<Project ToolsVersion="4.0" xmlns="http://schemas.microsoft.com/developer/msbuild/2003">
  <ItemGroup>
    <Filter Include="EngineCore">
      <UniqueIdentifier>{04E20003-F099-4250-59A1-1BAC4578DD40}</UniqueIdentifier>
    </Filter>
    <Filter Include="EngineCore\Events">
      <UniqueIdentifier>{68A16B3D-D4B7-69D3-1D2F-F5F489843A5B}</UniqueIdentifier>
    </Filter>
    <Filter Include="EngineCore\ImGui">
      <UniqueIdentifier>{2ECA93D3-1AC3-B225-43F5-97AA2F4D9231}</UniqueIdentifier>
    </Filter>
    <Filter Include="Platform">
      <UniqueIdentifier>{2AC788B4-1694-E3BF-3FAD-D1672BD9184E}</UniqueIdentifier>
    </Filter>
    <Filter Include="Platform\Windows">
      <UniqueIdentifier>{64FBD71A-50F4-F66C-7926-DCF1657ED678}</UniqueIdentifier>
    </Filter>
  </ItemGroup>
  <ItemGroup>
    <ClInclude Include="src\Alpha.h" />
    <ClInclude Include="src\EngineCore\Application.h">
      <Filter>EngineCore</Filter>
    </ClInclude>
    <ClInclude Include="src\EngineCore\Core.h">
      <Filter>EngineCore</Filter>
    </ClInclude>
    <ClInclude Include="src\EngineCore\EntryPoint.h">
      <Filter>EngineCore</Filter>
    </ClInclude>
    <ClInclude Include="src\EngineCore\Events\ApplicationEvent.h">
      <Filter>EngineCore\Events</Filter>
    </ClInclude>
    <ClInclude Include="src\EngineCore\Events\Event.h">
      <Filter>EngineCore\Events</Filter>
    </ClInclude>
    <ClInclude Include="src\EngineCore\Events\KeyEvent.h">
      <Filter>EngineCore\Events</Filter>
    </ClInclude>
    <ClInclude Include="src\EngineCore\Events\MouseEvent.h">
      <Filter>EngineCore\Events</Filter>
    </ClInclude>
    <ClInclude Include="src\EngineCore\ImGui\ImGuiLayer.h">
      <Filter>EngineCore\ImGui</Filter>
    </ClInclude>
    <ClInclude Include="src\EngineCore\Input.h">
      <Filter>EngineCore</Filter>
    </ClInclude>
    <ClInclude Include="src\EngineCore\KeyCodes.h">
      <Filter>EngineCore</Filter>
    </ClInclude>
    <ClInclude Include="src\EngineCore\Layer.h">
      <Filter>EngineCore</Filter>
    </ClInclude>
    <ClInclude Include="src\EngineCore\LayerStack.h">
      <Filter>EngineCore</Filter>
    </ClInclude>
    <ClInclude Include="src\EngineCore\Log.h">
      <Filter>EngineCore</Filter>
    </ClInclude>
    <ClInclude Include="src\EngineCore\MouseButtonCodes.h">
      <Filter>EngineCore</Filter>
    </ClInclude>
    <ClInclude Include="src\EngineCore\Window.h">
      <Filter>EngineCore</Filter>
    </ClInclude>
    <ClInclude Include="src\Platform\Windows\WindowsInput.h">
      <Filter>Platform\Windows</Filter>
    </ClInclude>
    <ClInclude Include="src\Platform\Windows\WindowsWindow.h">
      <Filter>Platform\Windows</Filter>
    </ClInclude>
    <ClInclude Include="src\alphapch.h" />
  </ItemGroup>
  <ItemGroup>
    <ClCompile Include="src\EngineCore\Application.cpp">
      <Filter>EngineCore</Filter>
    </ClCompile>
    <ClCompile Include="src\EngineCore\ImGui\ImGuiBuild.cpp">
      <Filter>EngineCore\ImGui</Filter>
    </ClCompile>
    <ClCompile Include="src\EngineCore\ImGui\ImGuiLayer.cpp">
      <Filter>EngineCore\ImGui</Filter>
    </ClCompile>
    <ClCompile Include="src\EngineCore\Layer.cpp">
      <Filter>EngineCore</Filter>
    </ClCompile>
    <ClCompile Include="src\EngineCore\LayerStack.cpp">
      <Filter>EngineCore</Filter>
    </ClCompile>
    <ClCompile Include="src\EngineCore\Log.cpp">
      <Filter>EngineCore</Filter>
    </ClCompile>
    <ClCompile Include="src\Platform\Windows\WindowsInput.cpp">
      <Filter>Platform\Windows</Filter>
    </ClCompile>
    <ClCompile Include="src\Platform\Windows\WindowsWindow.cpp">
      <Filter>Platform\Windows</Filter>
    </ClCompile>
    <ClCompile Include="src\alphapch.cpp" />
  </ItemGroup>
</Project>